
Microsoft Visual Studio Solution File, Format Version 12.00
# Visual Studio Version 16
VisualStudioVersion = 16.0.30330.147
MinimumVisualStudioVersion = 10.0.40219.1
Project("{2150E333-8FDC-42A3-9474-1A3956D46DE8}") = "src", "src", "{76E4E36C-BE52-4AF6-844B-57279B4FD2BF}"
EndProject
Project("{2150E333-8FDC-42A3-9474-1A3956D46DE8}") = "Catalog", "Catalog", "{9E77ED7F-4914-4CE7-9D14-A4AE59911F2E}"
EndProject
Project("{9A19103F-16F7-4668-BE54-9A1E7A4F7556}") = "Catalog.API", "src\Catalog\Catalog.API\Catalog.API.csproj", "{A9D9B632-974A-4983-8D9F-73D06258CDD4}"
EndProject
Project("{E53339B2-1760-4266-BCC7-CA923CBCF16C}") = "docker-compose", "docker-compose.dcproj", "{9537B2EE-E313-4F86-8793-4B286683189C}"
EndProject
Project("{2150E333-8FDC-42A3-9474-1A3956D46DE8}") = "Basket", "Basket", "{2F195EDA-A326-4A28-8E1C-54B1B53E97F4}"
EndProject
Project("{9A19103F-16F7-4668-BE54-9A1E7A4F7556}") = "Basket.API", "src\Basket\Basket.API\Basket.API.csproj", "{4E44065F-E14C-4B61-B5B6-4AE9E7AE9BF6}"
EndProject
Project("{2150E333-8FDC-42A3-9474-1A3956D46DE8}") = "Common", "Common", "{E6581BB1-9ADA-4A15-AC07-B6B4DD8E1471}"
EndProject
Project("{FAE04EC0-301F-11D3-BF4B-00C04F79EFBC}") = "EventBusRabbitMQ", "src\Common\EventBusRabbitMQ\EventBusRabbitMQ.csproj", "{BE8699D8-51A6-4C70-95AD-1F85CF8D0DCA}"
EndProject
Project("{2150E333-8FDC-42A3-9474-1A3956D46DE8}") = "Ordering", "Ordering", "{4EE9CB49-38D0-44DF-B234-71C50F82AE17}"
EndProject
Project("{FAE04EC0-301F-11D3-BF4B-00C04F79EFBC}") = "Ordering.API", "src\Ordering\Ordering.API\Ordering.API.csproj", "{DB3D0A57-0FE9-444C-BC51-A6C15BB96033}"
EndProject
Project("{FAE04EC0-301F-11D3-BF4B-00C04F79EFBC}") = "Ordering.Core", "src\Ordering\Ordering.Core\Ordering.Core.csproj", "{DF13EFA6-ECF9-4B8E-9A41-C83933B9B887}"
EndProject
Project("{FAE04EC0-301F-11D3-BF4B-00C04F79EFBC}") = "Ordering.Infrastructure", "src\Ordering\Ordering.Infrastructure\Ordering.Infrastructure.csproj", "{6FB38437-A4B6-496E-9BF6-61808AA05F64}"
EndProject
Project("{FAE04EC0-301F-11D3-BF4B-00C04F79EFBC}") = "Ordering.Application", "src\Ordering\Ordering.Application\Ordering.Application.csproj", "{2C091A1F-8129-4566-8531-B3BB848F5828}"
EndProject
Project("{2150E333-8FDC-42A3-9474-1A3956D46DE8}") = "ApiGateway", "ApiGateway", "{9D0785C6-2849-4AC3-A73A-CE9CFADDE152}"
EndProject
Project("{FAE04EC0-301F-11D3-BF4B-00C04F79EFBC}") = "OcelotAPIGateway", "src\ApiGateway\OcelotAPIGateway\OcelotAPIGateway.csproj", "{667F09BE-D75E-49DF-86C3-8E7A0848371D}"
EndProject
Project("{2150E333-8FDC-42A3-9474-1A3956D46DE8}") = "WebApp", "WebApp", "{72B55B01-B8C2-4BB3-8889-95F5B506471A}"
EndProject
Project("{FAE04EC0-301F-11D3-BF4B-00C04F79EFBC}") = "AspnetRunBasics", "src\WebApp\AspnetRunBasics\AspnetRunBasics.csproj", "{B2E6D169-1A6A-4C4F-B8C3-6B4C1AA67051}"
EndProject
Global
	GlobalSection(SolutionConfigurationPlatforms) = preSolution
		Debug|Any CPU = Debug|Any CPU
		Release|Any CPU = Release|Any CPU
	EndGlobalSection
	GlobalSection(ProjectConfigurationPlatforms) = postSolution
		{A9D9B632-974A-4983-8D9F-73D06258CDD4}.Debug|Any CPU.ActiveCfg = Debug|Any CPU
		{A9D9B632-974A-4983-8D9F-73D06258CDD4}.Debug|Any CPU.Build.0 = Debug|Any CPU
		{A9D9B632-974A-4983-8D9F-73D06258CDD4}.Release|Any CPU.ActiveCfg = Release|Any CPU
		{A9D9B632-974A-4983-8D9F-73D06258CDD4}.Release|Any CPU.Build.0 = Release|Any CPU
		{9537B2EE-E313-4F86-8793-4B286683189C}.Debug|Any CPU.ActiveCfg = Debug|Any CPU
		{9537B2EE-E313-4F86-8793-4B286683189C}.Debug|Any CPU.Build.0 = Debug|Any CPU
		{9537B2EE-E313-4F86-8793-4B286683189C}.Release|Any CPU.ActiveCfg = Release|Any CPU
		{9537B2EE-E313-4F86-8793-4B286683189C}.Release|Any CPU.Build.0 = Release|Any CPU
		{4E44065F-E14C-4B61-B5B6-4AE9E7AE9BF6}.Debug|Any CPU.ActiveCfg = Debug|Any CPU
		{4E44065F-E14C-4B61-B5B6-4AE9E7AE9BF6}.Debug|Any CPU.Build.0 = Debug|Any CPU
		{4E44065F-E14C-4B61-B5B6-4AE9E7AE9BF6}.Release|Any CPU.ActiveCfg = Release|Any CPU
		{4E44065F-E14C-4B61-B5B6-4AE9E7AE9BF6}.Release|Any CPU.Build.0 = Release|Any CPU
		{BE8699D8-51A6-4C70-95AD-1F85CF8D0DCA}.Debug|Any CPU.ActiveCfg = Debug|Any CPU
		{BE8699D8-51A6-4C70-95AD-1F85CF8D0DCA}.Debug|Any CPU.Build.0 = Debug|Any CPU
		{BE8699D8-51A6-4C70-95AD-1F85CF8D0DCA}.Release|Any CPU.ActiveCfg = Release|Any CPU
		{BE8699D8-51A6-4C70-95AD-1F85CF8D0DCA}.Release|Any CPU.Build.0 = Release|Any CPU
		{DB3D0A57-0FE9-444C-BC51-A6C15BB96033}.Debug|Any CPU.ActiveCfg = Debug|Any CPU
		{DB3D0A57-0FE9-444C-BC51-A6C15BB96033}.Debug|Any CPU.Build.0 = Debug|Any CPU
		{DB3D0A57-0FE9-444C-BC51-A6C15BB96033}.Release|Any CPU.ActiveCfg = Release|Any CPU
		{DB3D0A57-0FE9-444C-BC51-A6C15BB96033}.Release|Any CPU.Build.0 = Release|Any CPU
		{DF13EFA6-ECF9-4B8E-9A41-C83933B9B887}.Debug|Any CPU.ActiveCfg = Debug|Any CPU
		{DF13EFA6-ECF9-4B8E-9A41-C83933B9B887}.Debug|Any CPU.Build.0 = Debug|Any CPU
		{DF13EFA6-ECF9-4B8E-9A41-C83933B9B887}.Release|Any CPU.ActiveCfg = Release|Any CPU
		{DF13EFA6-ECF9-4B8E-9A41-C83933B9B887}.Release|Any CPU.Build.0 = Release|Any CPU
		{6FB38437-A4B6-496E-9BF6-61808AA05F64}.Debug|Any CPU.ActiveCfg = Debug|Any CPU
		{6FB38437-A4B6-496E-9BF6-61808AA05F64}.Debug|Any CPU.Build.0 = Debug|Any CPU
		{6FB38437-A4B6-496E-9BF6-61808AA05F64}.Release|Any CPU.ActiveCfg = Release|Any CPU
		{6FB38437-A4B6-496E-9BF6-61808AA05F64}.Release|Any CPU.Build.0 = Release|Any CPU
		{2C091A1F-8129-4566-8531-B3BB848F5828}.Debug|Any CPU.ActiveCfg = Debug|Any CPU
		{2C091A1F-8129-4566-8531-B3BB848F5828}.Debug|Any CPU.Build.0 = Debug|Any CPU
		{2C091A1F-8129-4566-8531-B3BB848F5828}.Release|Any CPU.ActiveCfg = Release|Any CPU
		{2C091A1F-8129-4566-8531-B3BB848F5828}.Release|Any CPU.Build.0 = Release|Any CPU
		{667F09BE-D75E-49DF-86C3-8E7A0848371D}.Debug|Any CPU.ActiveCfg = Debug|Any CPU
		{667F09BE-D75E-49DF-86C3-8E7A0848371D}.Debug|Any CPU.Build.0 = Debug|Any CPU
		{667F09BE-D75E-49DF-86C3-8E7A0848371D}.Release|Any CPU.ActiveCfg = Release|Any CPU
		{667F09BE-D75E-49DF-86C3-8E7A0848371D}.Release|Any CPU.Build.0 = Release|Any CPU
		{B2E6D169-1A6A-4C4F-B8C3-6B4C1AA67051}.Debug|Any CPU.ActiveCfg = Debug|Any CPU
		{B2E6D169-1A6A-4C4F-B8C3-6B4C1AA67051}.Debug|Any CPU.Build.0 = Debug|Any CPU
		{B2E6D169-1A6A-4C4F-B8C3-6B4C1AA67051}.Release|Any CPU.ActiveCfg = Release|Any CPU
		{B2E6D169-1A6A-4C4F-B8C3-6B4C1AA67051}.Release|Any CPU.Build.0 = Release|Any CPU
	EndGlobalSection
	GlobalSection(SolutionProperties) = preSolution
		HideSolutionNode = FALSE
	EndGlobalSection
	GlobalSection(NestedProjects) = preSolution
		{9E77ED7F-4914-4CE7-9D14-A4AE59911F2E} = {76E4E36C-BE52-4AF6-844B-57279B4FD2BF}
		{A9D9B632-974A-4983-8D9F-73D06258CDD4} = {9E77ED7F-4914-4CE7-9D14-A4AE59911F2E}
		{2F195EDA-A326-4A28-8E1C-54B1B53E97F4} = {76E4E36C-BE52-4AF6-844B-57279B4FD2BF}
		{4E44065F-E14C-4B61-B5B6-4AE9E7AE9BF6} = {2F195EDA-A326-4A28-8E1C-54B1B53E97F4}
		{E6581BB1-9ADA-4A15-AC07-B6B4DD8E1471} = {76E4E36C-BE52-4AF6-844B-57279B4FD2BF}
		{BE8699D8-51A6-4C70-95AD-1F85CF8D0DCA} = {E6581BB1-9ADA-4A15-AC07-B6B4DD8E1471}
		{4EE9CB49-38D0-44DF-B234-71C50F82AE17} = {76E4E36C-BE52-4AF6-844B-57279B4FD2BF}
		{DB3D0A57-0FE9-444C-BC51-A6C15BB96033} = {4EE9CB49-38D0-44DF-B234-71C50F82AE17}
		{DF13EFA6-ECF9-4B8E-9A41-C83933B9B887} = {4EE9CB49-38D0-44DF-B234-71C50F82AE17}
		{6FB38437-A4B6-496E-9BF6-61808AA05F64} = {4EE9CB49-38D0-44DF-B234-71C50F82AE17}
		{2C091A1F-8129-4566-8531-B3BB848F5828} = {4EE9CB49-38D0-44DF-B234-71C50F82AE17}
		{9D0785C6-2849-4AC3-A73A-CE9CFADDE152} = {76E4E36C-BE52-4AF6-844B-57279B4FD2BF}
		{667F09BE-D75E-49DF-86C3-8E7A0848371D} = {9D0785C6-2849-4AC3-A73A-CE9CFADDE152}
		{72B55B01-B8C2-4BB3-8889-95F5B506471A} = {76E4E36C-BE52-4AF6-844B-57279B4FD2BF}
		{B2E6D169-1A6A-4C4F-B8C3-6B4C1AA67051} = {72B55B01-B8C2-4BB3-8889-95F5B506471A}
	EndGlobalSection
	GlobalSection(ExtensibilityGlobals) = postSolution
		SolutionGuid = {EDEF3136-0715-4790-AA93-5E43C3641D36}
	EndGlobalSection
EndGlobal
